
Microsoft Visual Studio Solution File, Format Version 12.00
# Visual Studio Version 17
VisualStudioVersion = 17.8.34511.84
MinimumVisualStudioVersion = 10.0.40219.1
Project("{FAE04EC0-301F-11D3-BF4B-00C04F79EFBC}") = "AulaDateTimeProp&Operacoes", "AulaDateTimeProp&Operacoes\AulaDateTimeProp&Operacoes.csproj", "{396975F5-3631-4159-A507-B978D9BBA7FD}"
EndProject
Global
	GlobalSection(SolutionConfigurationPlatforms) = preSolution
		Debug|Any CPU = Debug|Any CPU
		Release|Any CPU = Release|Any CPU
	EndGlobalSection
	GlobalSection(ProjectConfigurationPlatforms) = postSolution
		{396975F5-3631-4159-A507-B978D9BBA7FD}.Debug|Any CPU.ActiveCfg = Debug|Any CPU
		{396975F5-3631-4159-A507-B978D9BBA7FD}.Debug|Any CPU.Build.0 = Debug|Any CPU
		{396975F5-3631-4159-A507-B978D9BBA7FD}.Release|Any CPU.ActiveCfg = Release|Any CPU
		{396975F5-3631-4159-A507-B978D9BBA7FD}.Release|Any CPU.Build.0 = Release|Any CPU
	EndGlobalSection
	GlobalSection(SolutionProperties) = preSolution
		HideSolutionNode = FALSE
	EndGlobalSection
	GlobalSection(ExtensibilityGlobals) = postSolution
		SolutionGuid = {B8C958AB-8799-403E-A6D4-47739E518E0E}
	EndGlobalSection
EndGlobal
