
Microsoft Visual Studio Solution File, Format Version 12.00
# Visual Studio Version 17
VisualStudioVersion = 17.8.34511.84
MinimumVisualStudioVersion = 10.0.40219.1
Project("{FAE04EC0-301F-11D3-BF4B-00C04F79EFBC}") = "OrientacaoAObjetosProblema3", "OrientacaoAObjetosProblema3\OrientacaoAObjetosProblema3.csproj", "{9A3CC67C-D3F5-453C-A632-59A2C3F04C6F}"
EndProject
Global
	GlobalSection(SolutionConfigurationPlatforms) = preSolution
		Debug|Any CPU = Debug|Any CPU
		Release|Any CPU = Release|Any CPU
	EndGlobalSection
	GlobalSection(ProjectConfigurationPlatforms) = postSolution
		{9A3CC67C-D3F5-453C-A632-59A2C3F04C6F}.Debug|Any CPU.ActiveCfg = Debug|Any CPU
		{9A3CC67C-D3F5-453C-A632-59A2C3F04C6F}.Debug|Any CPU.Build.0 = Debug|Any CPU
		{9A3CC67C-D3F5-453C-A632-59A2C3F04C6F}.Release|Any CPU.ActiveCfg = Release|Any CPU
		{9A3CC67C-D3F5-453C-A632-59A2C3F04C6F}.Release|Any CPU.Build.0 = Release|Any CPU
	EndGlobalSection
	GlobalSection(SolutionProperties) = preSolution
		HideSolutionNode = FALSE
	EndGlobalSection
	GlobalSection(ExtensibilityGlobals) = postSolution
		SolutionGuid = {2E2FFAD3-F137-49A8-8D18-1FD0EBA4D37B}
	EndGlobalSection
EndGlobal
