
Microsoft Visual Studio Solution File, Format Version 12.00
# Visual Studio Version 17
VisualStudioVersion = 17.8.34511.84
MinimumVisualStudioVersion = 10.0.40219.1
Project("{FAE04EC0-301F-11D3-BF4B-00C04F79EFBC}") = "AulaDateTimaParaString", "AulaDateTimaParaString\AulaDateTimaParaString.csproj", "{4F55ABC5-05F1-43D5-B7E3-20BDEC39BCFD}"
EndProject
Global
	GlobalSection(SolutionConfigurationPlatforms) = preSolution
		Debug|Any CPU = Debug|Any CPU
		Release|Any CPU = Release|Any CPU
	EndGlobalSection
	GlobalSection(ProjectConfigurationPlatforms) = postSolution
		{4F55ABC5-05F1-43D5-B7E3-20BDEC39BCFD}.Debug|Any CPU.ActiveCfg = Debug|Any CPU
		{4F55ABC5-05F1-43D5-B7E3-20BDEC39BCFD}.Debug|Any CPU.Build.0 = Debug|Any CPU
		{4F55ABC5-05F1-43D5-B7E3-20BDEC39BCFD}.Release|Any CPU.ActiveCfg = Release|Any CPU
		{4F55ABC5-05F1-43D5-B7E3-20BDEC39BCFD}.Release|Any CPU.Build.0 = Release|Any CPU
	EndGlobalSection
	GlobalSection(SolutionProperties) = preSolution
		HideSolutionNode = FALSE
	EndGlobalSection
	GlobalSection(ExtensibilityGlobals) = postSolution
		SolutionGuid = {F21F2563-D251-4201-A6D8-DDB95A3D9AB2}
	EndGlobalSection
EndGlobal
