
Microsoft Visual Studio Solution File, Format Version 12.00
# Visual Studio Version 17
VisualStudioVersion = 17.8.34511.84
MinimumVisualStudioVersion = 10.0.40219.1
Project("{FAE04EC0-301F-11D3-BF4B-00C04F79EFBC}") = "AulaComparison", "AulaComparison\AulaComparison.csproj", "{A231E84D-0DA4-4B25-BB5B-77330F37DCD9}"
EndProject
Global
	GlobalSection(SolutionConfigurationPlatforms) = preSolution
		Debug|Any CPU = Debug|Any CPU
		Release|Any CPU = Release|Any CPU
	EndGlobalSection
	GlobalSection(ProjectConfigurationPlatforms) = postSolution
		{A231E84D-0DA4-4B25-BB5B-77330F37DCD9}.Debug|Any CPU.ActiveCfg = Debug|Any CPU
		{A231E84D-0DA4-4B25-BB5B-77330F37DCD9}.Debug|Any CPU.Build.0 = Debug|Any CPU
		{A231E84D-0DA4-4B25-BB5B-77330F37DCD9}.Release|Any CPU.ActiveCfg = Release|Any CPU
		{A231E84D-0DA4-4B25-BB5B-77330F37DCD9}.Release|Any CPU.Build.0 = Release|Any CPU
	EndGlobalSection
	GlobalSection(SolutionProperties) = preSolution
		HideSolutionNode = FALSE
	EndGlobalSection
	GlobalSection(ExtensibilityGlobals) = postSolution
		SolutionGuid = {7D6973E4-EE3D-48CD-85BD-23A7B54B5B1E}
	EndGlobalSection
EndGlobal
