
Microsoft Visual Studio Solution File, Format Version 12.00
# Visual Studio Version 17
VisualStudioVersion = 17.8.34511.84
MinimumVisualStudioVersion = 10.0.40219.1
Project("{FAE04EC0-301F-11D3-BF4B-00C04F79EFBC}") = "ExercicioInterfaces", "ExercicioInterfaces\ExercicioInterfaces.csproj", "{30C479D2-6921-43C8-8D3D-16A606814309}"
EndProject
Global
	GlobalSection(SolutionConfigurationPlatforms) = preSolution
		Debug|Any CPU = Debug|Any CPU
		Release|Any CPU = Release|Any CPU
	EndGlobalSection
	GlobalSection(ProjectConfigurationPlatforms) = postSolution
		{30C479D2-6921-43C8-8D3D-16A606814309}.Debug|Any CPU.ActiveCfg = Debug|Any CPU
		{30C479D2-6921-43C8-8D3D-16A606814309}.Debug|Any CPU.Build.0 = Debug|Any CPU
		{30C479D2-6921-43C8-8D3D-16A606814309}.Release|Any CPU.ActiveCfg = Release|Any CPU
		{30C479D2-6921-43C8-8D3D-16A606814309}.Release|Any CPU.Build.0 = Release|Any CPU
	EndGlobalSection
	GlobalSection(SolutionProperties) = preSolution
		HideSolutionNode = FALSE
	EndGlobalSection
	GlobalSection(ExtensibilityGlobals) = postSolution
		SolutionGuid = {39114F97-6AAA-41F5-AC0A-EEF9792FE3BD}
	EndGlobalSection
EndGlobal
