
Microsoft Visual Studio Solution File, Format Version 12.00
# Visual Studio Version 17
VisualStudioVersion = 17.8.34511.84
MinimumVisualStudioVersion = 10.0.40219.1
Project("{FAE04EC0-301F-11D3-BF4B-00C04F79EFBC}") = "AulaArquivos1", "AulaArquivos1\AulaArquivos1.csproj", "{C49A2926-5A51-4AEF-BFA0-0E97573CDE9E}"
EndProject
Global
	GlobalSection(SolutionConfigurationPlatforms) = preSolution
		Debug|Any CPU = Debug|Any CPU
		Release|Any CPU = Release|Any CPU
	EndGlobalSection
	GlobalSection(ProjectConfigurationPlatforms) = postSolution
		{C49A2926-5A51-4AEF-BFA0-0E97573CDE9E}.Debug|Any CPU.ActiveCfg = Debug|Any CPU
		{C49A2926-5A51-4AEF-BFA0-0E97573CDE9E}.Debug|Any CPU.Build.0 = Debug|Any CPU
		{C49A2926-5A51-4AEF-BFA0-0E97573CDE9E}.Release|Any CPU.ActiveCfg = Release|Any CPU
		{C49A2926-5A51-4AEF-BFA0-0E97573CDE9E}.Release|Any CPU.Build.0 = Release|Any CPU
	EndGlobalSection
	GlobalSection(SolutionProperties) = preSolution
		HideSolutionNode = FALSE
	EndGlobalSection
	GlobalSection(ExtensibilityGlobals) = postSolution
		SolutionGuid = {F13A8C55-E43B-4CE5-A7A2-842B16005AE3}
	EndGlobalSection
EndGlobal
