
Microsoft Visual Studio Solution File, Format Version 12.00
# Visual Studio Version 17
VisualStudioVersion = 17.8.34511.84
MinimumVisualStudioVersion = 10.0.40219.1
Project("{FAE04EC0-301F-11D3-BF4B-00C04F79EFBC}") = "ExercicioHerancaPolimorfismo", "ExercicioHerancaPolimorfismo\ExercicioHerancaPolimorfismo.csproj", "{7D44CDCD-9D1B-4F7D-A0DE-234837FC36A5}"
EndProject
Global
	GlobalSection(SolutionConfigurationPlatforms) = preSolution
		Debug|Any CPU = Debug|Any CPU
		Release|Any CPU = Release|Any CPU
	EndGlobalSection
	GlobalSection(ProjectConfigurationPlatforms) = postSolution
		{7D44CDCD-9D1B-4F7D-A0DE-234837FC36A5}.Debug|Any CPU.ActiveCfg = Debug|Any CPU
		{7D44CDCD-9D1B-4F7D-A0DE-234837FC36A5}.Debug|Any CPU.Build.0 = Debug|Any CPU
		{7D44CDCD-9D1B-4F7D-A0DE-234837FC36A5}.Release|Any CPU.ActiveCfg = Release|Any CPU
		{7D44CDCD-9D1B-4F7D-A0DE-234837FC36A5}.Release|Any CPU.Build.0 = Release|Any CPU
	EndGlobalSection
	GlobalSection(SolutionProperties) = preSolution
		HideSolutionNode = FALSE
	EndGlobalSection
	GlobalSection(ExtensibilityGlobals) = postSolution
		SolutionGuid = {A1FA4F60-EDF7-42D5-B7D4-AB0B747F8DC2}
	EndGlobalSection
EndGlobal
