
Microsoft Visual Studio Solution File, Format Version 12.00
# Visual Studio Version 17
VisualStudioVersion = 17.8.34511.84
MinimumVisualStudioVersion = 10.0.40219.1
Project("{FAE04EC0-301F-11D3-BF4B-00C04F79EFBC}") = "AulaGetHashCode&Equals", "AulaGetHashCode&Equals\AulaGetHashCode&Equals.csproj", "{4FB35F87-1067-4384-9699-F2276DCA47D4}"
EndProject
Global
	GlobalSection(SolutionConfigurationPlatforms) = preSolution
		Debug|Any CPU = Debug|Any CPU
		Release|Any CPU = Release|Any CPU
	EndGlobalSection
	GlobalSection(ProjectConfigurationPlatforms) = postSolution
		{4FB35F87-1067-4384-9699-F2276DCA47D4}.Debug|Any CPU.ActiveCfg = Debug|Any CPU
		{4FB35F87-1067-4384-9699-F2276DCA47D4}.Debug|Any CPU.Build.0 = Debug|Any CPU
		{4FB35F87-1067-4384-9699-F2276DCA47D4}.Release|Any CPU.ActiveCfg = Release|Any CPU
		{4FB35F87-1067-4384-9699-F2276DCA47D4}.Release|Any CPU.Build.0 = Release|Any CPU
	EndGlobalSection
	GlobalSection(SolutionProperties) = preSolution
		HideSolutionNode = FALSE
	EndGlobalSection
	GlobalSection(ExtensibilityGlobals) = postSolution
		SolutionGuid = {80B10A3A-314D-46F2-8DEE-941837C38F35}
	EndGlobalSection
EndGlobal
