
Microsoft Visual Studio Solution File, Format Version 12.00
# Visual Studio Version 17
VisualStudioVersion = 17.8.34511.84
MinimumVisualStudioVersion = 10.0.40219.1
Project("{FAE04EC0-301F-11D3-BF4B-00C04F79EFBC}") = "Course", "Course\Course.csproj", "{ABA4F6C4-AFB5-4C58-9B7C-18777CD5D655}"
EndProject
Global
	GlobalSection(SolutionConfigurationPlatforms) = preSolution
		Debug|Any CPU = Debug|Any CPU
		Release|Any CPU = Release|Any CPU
	EndGlobalSection
	GlobalSection(ProjectConfigurationPlatforms) = postSolution
		{ABA4F6C4-AFB5-4C58-9B7C-18777CD5D655}.Debug|Any CPU.ActiveCfg = Debug|Any CPU
		{ABA4F6C4-AFB5-4C58-9B7C-18777CD5D655}.Debug|Any CPU.Build.0 = Debug|Any CPU
		{ABA4F6C4-AFB5-4C58-9B7C-18777CD5D655}.Release|Any CPU.ActiveCfg = Release|Any CPU
		{ABA4F6C4-AFB5-4C58-9B7C-18777CD5D655}.Release|Any CPU.Build.0 = Release|Any CPU
	EndGlobalSection
	GlobalSection(SolutionProperties) = preSolution
		HideSolutionNode = FALSE
	EndGlobalSection
	GlobalSection(ExtensibilityGlobals) = postSolution
		SolutionGuid = {8233EA32-B729-45CD-996F-1F673A40DF40}
	EndGlobalSection
EndGlobal
