
Microsoft Visual Studio Solution File, Format Version 12.00
# Visual Studio Version 17
VisualStudioVersion = 17.8.34511.84
MinimumVisualStudioVersion = 10.0.40219.1
Project("{FAE04EC0-301F-11D3-BF4B-00C04F79EFBC}") = "AulaInterfaces", "AulaInterfaces\AulaInterfaces.csproj", "{24783DD0-7643-44B5-8E5C-9A572AE38A0D}"
EndProject
Global
	GlobalSection(SolutionConfigurationPlatforms) = preSolution
		Debug|Any CPU = Debug|Any CPU
		Release|Any CPU = Release|Any CPU
	EndGlobalSection
	GlobalSection(ProjectConfigurationPlatforms) = postSolution
		{24783DD0-7643-44B5-8E5C-9A572AE38A0D}.Debug|Any CPU.ActiveCfg = Debug|Any CPU
		{24783DD0-7643-44B5-8E5C-9A572AE38A0D}.Debug|Any CPU.Build.0 = Debug|Any CPU
		{24783DD0-7643-44B5-8E5C-9A572AE38A0D}.Release|Any CPU.ActiveCfg = Release|Any CPU
		{24783DD0-7643-44B5-8E5C-9A572AE38A0D}.Release|Any CPU.Build.0 = Release|Any CPU
	EndGlobalSection
	GlobalSection(SolutionProperties) = preSolution
		HideSolutionNode = FALSE
	EndGlobalSection
	GlobalSection(ExtensibilityGlobals) = postSolution
		SolutionGuid = {39C4B093-F52C-4E3B-835F-240607FCDCA7}
	EndGlobalSection
EndGlobal
