
Microsoft Visual Studio Solution File, Format Version 12.00
# Visual Studio Version 17
VisualStudioVersion = 17.8.34511.84
MinimumVisualStudioVersion = 10.0.40219.1
Project("{FAE04EC0-301F-11D3-BF4B-00C04F79EFBC}") = "AulaNullable", "AulaNullable\AulaNullable.csproj", "{87F88D24-1E74-4F05-9734-B0ECAEE6B205}"
EndProject
Global
	GlobalSection(SolutionConfigurationPlatforms) = preSolution
		Debug|Any CPU = Debug|Any CPU
		Release|Any CPU = Release|Any CPU
	EndGlobalSection
	GlobalSection(ProjectConfigurationPlatforms) = postSolution
		{87F88D24-1E74-4F05-9734-B0ECAEE6B205}.Debug|Any CPU.ActiveCfg = Debug|Any CPU
		{87F88D24-1E74-4F05-9734-B0ECAEE6B205}.Debug|Any CPU.Build.0 = Debug|Any CPU
		{87F88D24-1E74-4F05-9734-B0ECAEE6B205}.Release|Any CPU.ActiveCfg = Release|Any CPU
		{87F88D24-1E74-4F05-9734-B0ECAEE6B205}.Release|Any CPU.Build.0 = Release|Any CPU
	EndGlobalSection
	GlobalSection(SolutionProperties) = preSolution
		HideSolutionNode = FALSE
	EndGlobalSection
	GlobalSection(ExtensibilityGlobals) = postSolution
		SolutionGuid = {F86BD421-33D3-41EF-A02D-7B1AD0A0C8E3}
	EndGlobalSection
EndGlobal
