
Microsoft Visual Studio Solution File, Format Version 12.00
# Visual Studio Version 17
VisualStudioVersion = 17.8.34511.84
MinimumVisualStudioVersion = 10.0.40219.1
Project("{FAE04EC0-301F-11D3-BF4B-00C04F79EFBC}") = "AulaInterfaces2", "AulaInterfaces2\AulaInterfaces2.csproj", "{8BF2C43B-A620-467C-A961-295CCCD0D4FE}"
EndProject
Global
	GlobalSection(SolutionConfigurationPlatforms) = preSolution
		Debug|Any CPU = Debug|Any CPU
		Release|Any CPU = Release|Any CPU
	EndGlobalSection
	GlobalSection(ProjectConfigurationPlatforms) = postSolution
		{8BF2C43B-A620-467C-A961-295CCCD0D4FE}.Debug|Any CPU.ActiveCfg = Debug|Any CPU
		{8BF2C43B-A620-467C-A961-295CCCD0D4FE}.Debug|Any CPU.Build.0 = Debug|Any CPU
		{8BF2C43B-A620-467C-A961-295CCCD0D4FE}.Release|Any CPU.ActiveCfg = Release|Any CPU
		{8BF2C43B-A620-467C-A961-295CCCD0D4FE}.Release|Any CPU.Build.0 = Release|Any CPU
	EndGlobalSection
	GlobalSection(SolutionProperties) = preSolution
		HideSolutionNode = FALSE
	EndGlobalSection
	GlobalSection(ExtensibilityGlobals) = postSolution
		SolutionGuid = {04AE56B1-174D-41DB-9BFA-270D6DB03592}
	EndGlobalSection
EndGlobal
