
Microsoft Visual Studio Solution File, Format Version 12.00
# Visual Studio Version 17
VisualStudioVersion = 17.8.34511.84
MinimumVisualStudioVersion = 10.0.40219.1
Project("{FAE04EC0-301F-11D3-BF4B-00C04F79EFBC}") = "Course", "Course\Course.csproj", "{D6A4FDF5-708F-40A0-8FD8-30B239567B8D}"
EndProject
Global
	GlobalSection(SolutionConfigurationPlatforms) = preSolution
		Debug|Any CPU = Debug|Any CPU
		Release|Any CPU = Release|Any CPU
	EndGlobalSection
	GlobalSection(ProjectConfigurationPlatforms) = postSolution
		{D6A4FDF5-708F-40A0-8FD8-30B239567B8D}.Debug|Any CPU.ActiveCfg = Debug|Any CPU
		{D6A4FDF5-708F-40A0-8FD8-30B239567B8D}.Debug|Any CPU.Build.0 = Debug|Any CPU
		{D6A4FDF5-708F-40A0-8FD8-30B239567B8D}.Release|Any CPU.ActiveCfg = Release|Any CPU
		{D6A4FDF5-708F-40A0-8FD8-30B239567B8D}.Release|Any CPU.Build.0 = Release|Any CPU
	EndGlobalSection
	GlobalSection(SolutionProperties) = preSolution
		HideSolutionNode = FALSE
	EndGlobalSection
	GlobalSection(ExtensibilityGlobals) = postSolution
		SolutionGuid = {304B5DCB-37E2-432A-AEE2-1888D160BBDC}
	EndGlobalSection
EndGlobal
