
Microsoft Visual Studio Solution File, Format Version 12.00
# Visual Studio Version 17
VisualStudioVersion = 17.8.34511.84
MinimumVisualStudioVersion = 10.0.40219.1
Project("{FAE04EC0-301F-11D3-BF4B-00C04F79EFBC}") = "Course", "Course\Course.csproj", "{01E9AA19-AF19-456C-9E9C-C7E192EFFFE2}"
EndProject
Global
	GlobalSection(SolutionConfigurationPlatforms) = preSolution
		Debug|Any CPU = Debug|Any CPU
		Release|Any CPU = Release|Any CPU
	EndGlobalSection
	GlobalSection(ProjectConfigurationPlatforms) = postSolution
		{01E9AA19-AF19-456C-9E9C-C7E192EFFFE2}.Debug|Any CPU.ActiveCfg = Debug|Any CPU
		{01E9AA19-AF19-456C-9E9C-C7E192EFFFE2}.Debug|Any CPU.Build.0 = Debug|Any CPU
		{01E9AA19-AF19-456C-9E9C-C7E192EFFFE2}.Release|Any CPU.ActiveCfg = Release|Any CPU
		{01E9AA19-AF19-456C-9E9C-C7E192EFFFE2}.Release|Any CPU.Build.0 = Release|Any CPU
	EndGlobalSection
	GlobalSection(SolutionProperties) = preSolution
		HideSolutionNode = FALSE
	EndGlobalSection
	GlobalSection(ExtensibilityGlobals) = postSolution
		SolutionGuid = {23590E4B-6BD2-4DCD-B80F-718F1C94DD0E}
	EndGlobalSection
EndGlobal
