
Microsoft Visual Studio Solution File, Format Version 12.00
# Visual Studio Version 17
VisualStudioVersion = 17.8.34511.84
MinimumVisualStudioVersion = 10.0.40219.1
Project("{FAE04EC0-301F-11D3-BF4B-00C04F79EFBC}") = "AulaSobreposicao", "AulaSobreposicao\AulaSobreposicao.csproj", "{9C725AC8-A7A0-4F56-BDF6-8B36615F96DF}"
EndProject
Global
	GlobalSection(SolutionConfigurationPlatforms) = preSolution
		Debug|Any CPU = Debug|Any CPU
		Release|Any CPU = Release|Any CPU
	EndGlobalSection
	GlobalSection(ProjectConfigurationPlatforms) = postSolution
		{9C725AC8-A7A0-4F56-BDF6-8B36615F96DF}.Debug|Any CPU.ActiveCfg = Debug|Any CPU
		{9C725AC8-A7A0-4F56-BDF6-8B36615F96DF}.Debug|Any CPU.Build.0 = Debug|Any CPU
		{9C725AC8-A7A0-4F56-BDF6-8B36615F96DF}.Release|Any CPU.ActiveCfg = Release|Any CPU
		{9C725AC8-A7A0-4F56-BDF6-8B36615F96DF}.Release|Any CPU.Build.0 = Release|Any CPU
	EndGlobalSection
	GlobalSection(SolutionProperties) = preSolution
		HideSolutionNode = FALSE
	EndGlobalSection
	GlobalSection(ExtensibilityGlobals) = postSolution
		SolutionGuid = {D1D5891D-C1A6-4CF4-B1FF-47C0B56DB7B9}
	EndGlobalSection
EndGlobal
