
Microsoft Visual Studio Solution File, Format Version 12.00
# Visual Studio Version 17
VisualStudioVersion = 17.8.34511.84
MinimumVisualStudioVersion = 10.0.40219.1
Project("{FAE04EC0-301F-11D3-BF4B-00C04F79EFBC}") = "AulaUpcastingDowncasting", "AulaUpcastingDowncasting\AulaUpcastingDowncasting.csproj", "{8F7CAC13-A5CE-4F5A-809B-0113E808F106}"
EndProject
Global
	GlobalSection(SolutionConfigurationPlatforms) = preSolution
		Debug|Any CPU = Debug|Any CPU
		Release|Any CPU = Release|Any CPU
	EndGlobalSection
	GlobalSection(ProjectConfigurationPlatforms) = postSolution
		{8F7CAC13-A5CE-4F5A-809B-0113E808F106}.Debug|Any CPU.ActiveCfg = Debug|Any CPU
		{8F7CAC13-A5CE-4F5A-809B-0113E808F106}.Debug|Any CPU.Build.0 = Debug|Any CPU
		{8F7CAC13-A5CE-4F5A-809B-0113E808F106}.Release|Any CPU.ActiveCfg = Release|Any CPU
		{8F7CAC13-A5CE-4F5A-809B-0113E808F106}.Release|Any CPU.Build.0 = Release|Any CPU
	EndGlobalSection
	GlobalSection(SolutionProperties) = preSolution
		HideSolutionNode = FALSE
	EndGlobalSection
	GlobalSection(ExtensibilityGlobals) = postSolution
		SolutionGuid = {78CA1CDE-6DE7-4614-A06C-369CF094CF5D}
	EndGlobalSection
EndGlobal
