
Microsoft Visual Studio Solution File, Format Version 12.00
# Visual Studio Version 17
VisualStudioVersion = 17.8.34511.84
MinimumVisualStudioVersion = 10.0.40219.1
Project("{FAE04EC0-301F-11D3-BF4B-00C04F79EFBC}") = "ExercicioSaidaDeDados", "ExercicioSaidaDeDados\ExercicioSaidaDeDados.csproj", "{7A94D39E-6DDA-49AF-A000-8900FBB092A4}"
EndProject
Global
	GlobalSection(SolutionConfigurationPlatforms) = preSolution
		Debug|Any CPU = Debug|Any CPU
		Release|Any CPU = Release|Any CPU
	EndGlobalSection
	GlobalSection(ProjectConfigurationPlatforms) = postSolution
		{7A94D39E-6DDA-49AF-A000-8900FBB092A4}.Debug|Any CPU.ActiveCfg = Debug|Any CPU
		{7A94D39E-6DDA-49AF-A000-8900FBB092A4}.Debug|Any CPU.Build.0 = Debug|Any CPU
		{7A94D39E-6DDA-49AF-A000-8900FBB092A4}.Release|Any CPU.ActiveCfg = Release|Any CPU
		{7A94D39E-6DDA-49AF-A000-8900FBB092A4}.Release|Any CPU.Build.0 = Release|Any CPU
	EndGlobalSection
	GlobalSection(SolutionProperties) = preSolution
		HideSolutionNode = FALSE
	EndGlobalSection
	GlobalSection(ExtensibilityGlobals) = postSolution
		SolutionGuid = {B83300B5-2D0A-4913-9860-C3D70EAD4663}
	EndGlobalSection
EndGlobal
